
Microsoft Visual Studio Solution File, Format Version 12.00
# Visual Studio Version 17
VisualStudioVersion = 17.12.35209.166
MinimumVisualStudioVersion = 10.0.40219.1
Project("{FAE04EC0-301F-11D3-BF4B-00C04F79EFBC}") = "WhoDoesWhat", "WhoDoesWhat\WhoDoesWhat.csproj", "{C612811C-C88A-46DC-8742-FE568AB420DA}"
EndProject
Global
	GlobalSection(SolutionConfigurationPlatforms) = preSolution
		Debug|Any CPU = Debug|Any CPU
		Release|Any CPU = Release|Any CPU
	EndGlobalSection
	GlobalSection(ProjectConfigurationPlatforms) = postSolution
		{C612811C-C88A-46DC-8742-FE568AB420DA}.Debug|Any CPU.ActiveCfg = Debug|Any CPU
		{C612811C-C88A-46DC-8742-FE568AB420DA}.Debug|Any CPU.Build.0 = Debug|Any CPU
		{C612811C-C88A-46DC-8742-FE568AB420DA}.Release|Any CPU.ActiveCfg = Release|Any CPU
		{C612811C-C88A-46DC-8742-FE568AB420DA}.Release|Any CPU.Build.0 = Release|Any CPU
	EndGlobalSection
	GlobalSection(SolutionProperties) = preSolution
		HideSolutionNode = FALSE
	EndGlobalSection
	GlobalSection(ExtensibilityGlobals) = postSolution
		SolutionGuid = {D207C4F1-B14B-46D5-89C2-BC6AA5416540}
	EndGlobalSection
EndGlobal
